
Microsoft Visual Studio Solution File, Format Version 12.00
# Visual Studio 15
Project("{FAE04EC0-301F-11D3-BF4B-00C04F79EFBC}") = "Unity.Timeline", "Unity.Timeline.csproj", "{2E0223D8-365E-7AD5-F099-936DCC072678}"
EndProject
Project("{FAE04EC0-301F-11D3-BF4B-00C04F79EFBC}") = "Unity.Timeline.Editor", "Unity.Timeline.Editor.csproj", "{512C23FD-0BC2-0DA8-103F-793E9DAC8F4C}"
EndProject
Project("{FAE04EC0-301F-11D3-BF4B-00C04F79EFBC}") = "Unity.TextMeshPro.Editor", "Unity.TextMeshPro.Editor.csproj", "{55297C4E-D9D7-2CCD-D7C8-C8EB63D37E4F}"
EndProject
Project("{FAE04EC0-301F-11D3-BF4B-00C04F79EFBC}") = "Unity.VisualScripting.Flow", "Unity.VisualScripting.Flow.csproj", "{4A89FB83-3CBD-5F51-35A7-555EA29B7039}"
EndProject
Project("{FAE04EC0-301F-11D3-BF4B-00C04F79EFBC}") = "UnityEditor.UI", "UnityEditor.UI.csproj", "{4C24DC26-355A-219D-331C-9762AADE17B4}"
EndProject
Project("{FAE04EC0-301F-11D3-BF4B-00C04F79EFBC}") = "Unity.PlasticSCM.Editor", "Unity.PlasticSCM.Editor.csproj", "{F6660A0D-9EEB-642F-9190-0FD50ECAC50E}"
EndProject
Project("{FAE04EC0-301F-11D3-BF4B-00C04F79EFBC}") = "Assembly-CSharp", "Assembly-CSharp.csproj", "{7CA597AC-799E-2D81-E8A0-0EA9A568434E}"
EndProject
Project("{FAE04EC0-301F-11D3-BF4B-00C04F79EFBC}") = "Unity.VisualScripting.Core", "Unity.VisualScripting.Core.csproj", "{725B1968-0D85-CBCA-9AD6-9D14C0B859A4}"
EndProject
Project("{FAE04EC0-301F-11D3-BF4B-00C04F79EFBC}") = "Unity.VisualScripting.Core.Editor", "Unity.VisualScripting.Core.Editor.csproj", "{D86B53D1-3571-1DAB-5C44-089E9DB52576}"
EndProject
Project("{FAE04EC0-301F-11D3-BF4B-00C04F79EFBC}") = "Unity.VisualScripting.Flow.Editor", "Unity.VisualScripting.Flow.Editor.csproj", "{1D737784-5C66-8334-587C-D50A97EEFBA7}"
EndProject
Project("{FAE04EC0-301F-11D3-BF4B-00C04F79EFBC}") = "UnityEditor.TestRunner", "UnityEditor.TestRunner.csproj", "{5245CC56-BE45-1D49-0855-65CB84FB204E}"
EndProject
Project("{FAE04EC0-301F-11D3-BF4B-00C04F79EFBC}") = "Unity.VisualScripting.SettingsProvider.Editor", "Unity.VisualScripting.SettingsProvider.Editor.csproj", "{7D5D6595-99CD-7B17-19C1-84DCB40D3811}"
EndProject
Project("{FAE04EC0-301F-11D3-BF4B-00C04F79EFBC}") = "UnityEngine.TestRunner", "UnityEngine.TestRunner.csproj", "{497B8E2C-A86F-8486-8C98-719CB8DDD927}"
EndProject
Project("{FAE04EC0-301F-11D3-BF4B-00C04F79EFBC}") = "UnityEngine.UI", "UnityEngine.UI.csproj", "{713F5F88-712D-BC2D-7D39-E6458A055856}"
EndProject
Project("{FAE04EC0-301F-11D3-BF4B-00C04F79EFBC}") = "Unity.VisualStudio.Editor", "Unity.VisualStudio.Editor.csproj", "{299F0020-4F9E-11CA-B99D-A903313C470F}"
EndProject
Project("{FAE04EC0-301F-11D3-BF4B-00C04F79EFBC}") = "Unity.TestTools.CodeCoverage.Editor.OpenCover.Model", "Unity.TestTools.CodeCoverage.Editor.OpenCover.Model.csproj", "{9768CEE4-60C5-F3B9-529B-D5A9CF3A0DAA}"
EndProject
Project("{FAE04EC0-301F-11D3-BF4B-00C04F79EFBC}") = "Unity.Rider.Editor", "Unity.Rider.Editor.csproj", "{A1BA3D51-9E4F-2457-F88F-B6439D529EEE}"
EndProject
Project("{FAE04EC0-301F-11D3-BF4B-00C04F79EFBC}") = "Unity.VisualScripting.State.Editor", "Unity.VisualScripting.State.Editor.csproj", "{1A018579-CD31-BBA7-B1CD-7F37F205232B}"
EndProject
Project("{FAE04EC0-301F-11D3-BF4B-00C04F79EFBC}") = "Unity.TestTools.CodeCoverage.Editor", "Unity.TestTools.CodeCoverage.Editor.csproj", "{87049EE1-9DD5-58D8-FD71-BCFD895B2317}"
EndProject
Project("{FAE04EC0-301F-11D3-BF4B-00C04F79EFBC}") = "Unity.VisualScripting.State", "Unity.VisualScripting.State.csproj", "{CC998CED-EF64-2DEE-F37B-354CA2BF815C}"
EndProject
Project("{FAE04EC0-301F-11D3-BF4B-00C04F79EFBC}") = "Unity.TextMeshPro", "Unity.TextMeshPro.csproj", "{B3B4EF8B-B1CA-F845-0CDB-D97F2BFD5767}"
EndProject
Project("{FAE04EC0-301F-11D3-BF4B-00C04F79EFBC}") = "Unity.Performance.Profile-Analyzer.Editor", "Unity.Performance.Profile-Analyzer.Editor.csproj", "{C99A6F2D-7C60-BDE3-4B58-B1EE6BB1A197}"
EndProject
Project("{FAE04EC0-301F-11D3-BF4B-00C04F79EFBC}") = "Unity.VSCode.Editor", "Unity.VSCode.Editor.csproj", "{C86F6B09-E18C-13D0-4187-DDEF504B26AE}"
EndProject
Project("{FAE04EC0-301F-11D3-BF4B-00C04F79EFBC}") = "Unity.TestTools.CodeCoverage.Editor.OpenCover.Mono.Reflection", "Unity.TestTools.CodeCoverage.Editor.OpenCover.Mono.Reflection.csproj", "{B7042D38-AE58-2665-4CFF-FE7BEC436592}"
EndProject
Project("{FAE04EC0-301F-11D3-BF4B-00C04F79EFBC}") = "Unity.Settings.Editor", "Unity.Settings.Editor.csproj", "{392F6995-EB10-A57B-7239-BA9A478D6DA4}"
EndProject
Project("{FAE04EC0-301F-11D3-BF4B-00C04F79EFBC}") = "Unity.EditorCoroutines.Editor", "Unity.EditorCoroutines.Editor.csproj", "{EAFB0BCF-003A-C084-99E1-50BB0168E09D}"
EndProject
Project("{FAE04EC0-301F-11D3-BF4B-00C04F79EFBC}") = "Unity.VisualScripting.Shared.Editor", "Unity.VisualScripting.Shared.Editor.csproj", "{49FBB03E-6924-10C4-144A-2EC70C3532BA}"
EndProject
Project("{FAE04EC0-301F-11D3-BF4B-00C04F79EFBC}") = "Unity.CollabProxy.Editor", "Unity.CollabProxy.Editor.csproj", "{F940F8A0-2CB5-7AD2-8B1D-F1F0120A1086}"
EndProject
Project("{FAE04EC0-301F-11D3-BF4B-00C04F79EFBC}") = "Unity.Timeline", "Unity.Timeline.Player.csproj", "{D296249A-CD58-C55F-7478-34412427F3A8}"
EndProject
Project("{FAE04EC0-301F-11D3-BF4B-00C04F79EFBC}") = "Unity.VisualScripting.Flow", "Unity.VisualScripting.Flow.Player.csproj", "{DB6D9802-ED5F-D946-F95A-BA95CF2995A4}"
EndProject
Project("{FAE04EC0-301F-11D3-BF4B-00C04F79EFBC}") = "Assembly-CSharp", "Assembly-CSharp.Player.csproj", "{39909E42-3525-C75F-FFE4-01EDDF7C83CD}"
EndProject
Project("{FAE04EC0-301F-11D3-BF4B-00C04F79EFBC}") = "Unity.VisualScripting.Core", "Unity.VisualScripting.Core.Player.csproj", "{26808F29-CF1C-61DA-7529-6308E511D5A0}"
EndProject
Project("{FAE04EC0-301F-11D3-BF4B-00C04F79EFBC}") = "UnityEngine.TestRunner", "UnityEngine.TestRunner.Player.csproj", "{6C3874E1-7583-D111-BAA5-450E7BB2F68F}"
EndProject
Project("{FAE04EC0-301F-11D3-BF4B-00C04F79EFBC}") = "UnityEngine.UI", "UnityEngine.UI.Player.csproj", "{50E48E52-0E65-5CA9-4F56-2D7287D9E375}"
EndProject
Project("{FAE04EC0-301F-11D3-BF4B-00C04F79EFBC}") = "Unity.VisualScripting.State", "Unity.VisualScripting.State.Player.csproj", "{B9D45CAF-0A78-2400-CA40-53623857235C}"
EndProject
Project("{FAE04EC0-301F-11D3-BF4B-00C04F79EFBC}") = "Unity.TextMeshPro", "Unity.TextMeshPro.Player.csproj", "{C657684B-5F1C-EB25-4CBA-0CF7A0BDCDEB}"
EndProject
Global
	GlobalSection(SolutionConfigurationPlatforms) = preSolution
		Debug|Any CPU = Debug|Any CPU
		Release|Any CPU = Release|Any CPU
	EndGlobalSection
	GlobalSection(ProjectConfigurationPlatforms) = postSolution
		{2E0223D8-365E-7AD5-F099-936DCC072678}.Debug|Any CPU.ActiveCfg = Debug|Any CPU
		{2E0223D8-365E-7AD5-F099-936DCC072678}.Debug|Any CPU.Build.0 = Debug|Any CPU
		{2E0223D8-365E-7AD5-F099-936DCC072678}.Release|Any CPU.ActiveCfg = Release|Any CPU
		{2E0223D8-365E-7AD5-F099-936DCC072678}.Release|Any CPU.Build.0 = Release|Any CPU
		{512C23FD-0BC2-0DA8-103F-793E9DAC8F4C}.Debug|Any CPU.ActiveCfg = Debug|Any CPU
		{512C23FD-0BC2-0DA8-103F-793E9DAC8F4C}.Debug|Any CPU.Build.0 = Debug|Any CPU
		{512C23FD-0BC2-0DA8-103F-793E9DAC8F4C}.Release|Any CPU.ActiveCfg = Release|Any CPU
		{512C23FD-0BC2-0DA8-103F-793E9DAC8F4C}.Release|Any CPU.Build.0 = Release|Any CPU
		{55297C4E-D9D7-2CCD-D7C8-C8EB63D37E4F}.Debug|Any CPU.ActiveCfg = Debug|Any CPU
		{55297C4E-D9D7-2CCD-D7C8-C8EB63D37E4F}.Debug|Any CPU.Build.0 = Debug|Any CPU
		{55297C4E-D9D7-2CCD-D7C8-C8EB63D37E4F}.Release|Any CPU.ActiveCfg = Release|Any CPU
		{55297C4E-D9D7-2CCD-D7C8-C8EB63D37E4F}.Release|Any CPU.Build.0 = Release|Any CPU
		{4A89FB83-3CBD-5F51-35A7-555EA29B7039}.Debug|Any CPU.ActiveCfg = Debug|Any CPU
		{4A89FB83-3CBD-5F51-35A7-555EA29B7039}.Debug|Any CPU.Build.0 = Debug|Any CPU
		{4A89FB83-3CBD-5F51-35A7-555EA29B7039}.Release|Any CPU.ActiveCfg = Release|Any CPU
		{4A89FB83-3CBD-5F51-35A7-555EA29B7039}.Release|Any CPU.Build.0 = Release|Any CPU
		{4C24DC26-355A-219D-331C-9762AADE17B4}.Debug|Any CPU.ActiveCfg = Debug|Any CPU
		{4C24DC26-355A-219D-331C-9762AADE17B4}.Debug|Any CPU.Build.0 = Debug|Any CPU
		{4C24DC26-355A-219D-331C-9762AADE17B4}.Release|Any CPU.ActiveCfg = Release|Any CPU
		{4C24DC26-355A-219D-331C-9762AADE17B4}.Release|Any CPU.Build.0 = Release|Any CPU
		{F6660A0D-9EEB-642F-9190-0FD50ECAC50E}.Debug|Any CPU.ActiveCfg = Debug|Any CPU
		{F6660A0D-9EEB-642F-9190-0FD50ECAC50E}.Debug|Any CPU.Build.0 = Debug|Any CPU
		{F6660A0D-9EEB-642F-9190-0FD50ECAC50E}.Release|Any CPU.ActiveCfg = Release|Any CPU
		{F6660A0D-9EEB-642F-9190-0FD50ECAC50E}.Release|Any CPU.Build.0 = Release|Any CPU
		{7CA597AC-799E-2D81-E8A0-0EA9A568434E}.Debug|Any CPU.ActiveCfg = Debug|Any CPU
		{7CA597AC-799E-2D81-E8A0-0EA9A568434E}.Debug|Any CPU.Build.0 = Debug|Any CPU
		{7CA597AC-799E-2D81-E8A0-0EA9A568434E}.Release|Any CPU.ActiveCfg = Release|Any CPU
		{7CA597AC-799E-2D81-E8A0-0EA9A568434E}.Release|Any CPU.Build.0 = Release|Any CPU
		{725B1968-0D85-CBCA-9AD6-9D14C0B859A4}.Debug|Any CPU.ActiveCfg = Debug|Any CPU
		{725B1968-0D85-CBCA-9AD6-9D14C0B859A4}.Debug|Any CPU.Build.0 = Debug|Any CPU
		{725B1968-0D85-CBCA-9AD6-9D14C0B859A4}.Release|Any CPU.ActiveCfg = Release|Any CPU
		{725B1968-0D85-CBCA-9AD6-9D14C0B859A4}.Release|Any CPU.Build.0 = Release|Any CPU
		{D86B53D1-3571-1DAB-5C44-089E9DB52576}.Debug|Any CPU.ActiveCfg = Debug|Any CPU
		{D86B53D1-3571-1DAB-5C44-089E9DB52576}.Debug|Any CPU.Build.0 = Debug|Any CPU
		{D86B53D1-3571-1DAB-5C44-089E9DB52576}.Release|Any CPU.ActiveCfg = Release|Any CPU
		{D86B53D1-3571-1DAB-5C44-089E9DB52576}.Release|Any CPU.Build.0 = Release|Any CPU
		{1D737784-5C66-8334-587C-D50A97EEFBA7}.Debug|Any CPU.ActiveCfg = Debug|Any CPU
		{1D737784-5C66-8334-587C-D50A97EEFBA7}.Debug|Any CPU.Build.0 = Debug|Any CPU
		{1D737784-5C66-8334-587C-D50A97EEFBA7}.Release|Any CPU.ActiveCfg = Release|Any CPU
		{1D737784-5C66-8334-587C-D50A97EEFBA7}.Release|Any CPU.Build.0 = Release|Any CPU
		{5245CC56-BE45-1D49-0855-65CB84FB204E}.Debug|Any CPU.ActiveCfg = Debug|Any CPU
		{5245CC56-BE45-1D49-0855-65CB84FB204E}.Debug|Any CPU.Build.0 = Debug|Any CPU
		{5245CC56-BE45-1D49-0855-65CB84FB204E}.Release|Any CPU.ActiveCfg = Release|Any CPU
		{5245CC56-BE45-1D49-0855-65CB84FB204E}.Release|Any CPU.Build.0 = Release|Any CPU
		{7D5D6595-99CD-7B17-19C1-84DCB40D3811}.Debug|Any CPU.ActiveCfg = Debug|Any CPU
		{7D5D6595-99CD-7B17-19C1-84DCB40D3811}.Debug|Any CPU.Build.0 = Debug|Any CPU
		{7D5D6595-99CD-7B17-19C1-84DCB40D3811}.Release|Any CPU.ActiveCfg = Release|Any CPU
		{7D5D6595-99CD-7B17-19C1-84DCB40D3811}.Release|Any CPU.Build.0 = Release|Any CPU
		{497B8E2C-A86F-8486-8C98-719CB8DDD927}.Debug|Any CPU.ActiveCfg = Debug|Any CPU
		{497B8E2C-A86F-8486-8C98-719CB8DDD927}.Debug|Any CPU.Build.0 = Debug|Any CPU
		{497B8E2C-A86F-8486-8C98-719CB8DDD927}.Release|Any CPU.ActiveCfg = Release|Any CPU
		{497B8E2C-A86F-8486-8C98-719CB8DDD927}.Release|Any CPU.Build.0 = Release|Any CPU
		{713F5F88-712D-BC2D-7D39-E6458A055856}.Debug|Any CPU.ActiveCfg = Debug|Any CPU
		{713F5F88-712D-BC2D-7D39-E6458A055856}.Debug|Any CPU.Build.0 = Debug|Any CPU
		{713F5F88-712D-BC2D-7D39-E6458A055856}.Release|Any CPU.ActiveCfg = Release|Any CPU
		{713F5F88-712D-BC2D-7D39-E6458A055856}.Release|Any CPU.Build.0 = Release|Any CPU
		{299F0020-4F9E-11CA-B99D-A903313C470F}.Debug|Any CPU.ActiveCfg = Debug|Any CPU
		{299F0020-4F9E-11CA-B99D-A903313C470F}.Debug|Any CPU.Build.0 = Debug|Any CPU
		{299F0020-4F9E-11CA-B99D-A903313C470F}.Release|Any CPU.ActiveCfg = Release|Any CPU
		{299F0020-4F9E-11CA-B99D-A903313C470F}.Release|Any CPU.Build.0 = Release|Any CPU
		{9768CEE4-60C5-F3B9-529B-D5A9CF3A0DAA}.Debug|Any CPU.ActiveCfg = Debug|Any CPU
		{9768CEE4-60C5-F3B9-529B-D5A9CF3A0DAA}.Debug|Any CPU.Build.0 = Debug|Any CPU
		{9768CEE4-60C5-F3B9-529B-D5A9CF3A0DAA}.Release|Any CPU.ActiveCfg = Release|Any CPU
		{9768CEE4-60C5-F3B9-529B-D5A9CF3A0DAA}.Release|Any CPU.Build.0 = Release|Any CPU
		{A1BA3D51-9E4F-2457-F88F-B6439D529EEE}.Debug|Any CPU.ActiveCfg = Debug|Any CPU
		{A1BA3D51-9E4F-2457-F88F-B6439D529EEE}.Debug|Any CPU.Build.0 = Debug|Any CPU
		{A1BA3D51-9E4F-2457-F88F-B6439D529EEE}.Release|Any CPU.ActiveCfg = Release|Any CPU
		{A1BA3D51-9E4F-2457-F88F-B6439D529EEE}.Release|Any CPU.Build.0 = Release|Any CPU
		{1A018579-CD31-BBA7-B1CD-7F37F205232B}.Debug|Any CPU.ActiveCfg = Debug|Any CPU
		{1A018579-CD31-BBA7-B1CD-7F37F205232B}.Debug|Any CPU.Build.0 = Debug|Any CPU
		{1A018579-CD31-BBA7-B1CD-7F37F205232B}.Release|Any CPU.ActiveCfg = Release|Any CPU
		{1A018579-CD31-BBA7-B1CD-7F37F205232B}.Release|Any CPU.Build.0 = Release|Any CPU
		{87049EE1-9DD5-58D8-FD71-BCFD895B2317}.Debug|Any CPU.ActiveCfg = Debug|Any CPU
		{87049EE1-9DD5-58D8-FD71-BCFD895B2317}.Debug|Any CPU.Build.0 = Debug|Any CPU
		{87049EE1-9DD5-58D8-FD71-BCFD895B2317}.Release|Any CPU.ActiveCfg = Release|Any CPU
		{87049EE1-9DD5-58D8-FD71-BCFD895B2317}.Release|Any CPU.Build.0 = Release|Any CPU
		{CC998CED-EF64-2DEE-F37B-354CA2BF815C}.Debug|Any CPU.ActiveCfg = Debug|Any CPU
		{CC998CED-EF64-2DEE-F37B-354CA2BF815C}.Debug|Any CPU.Build.0 = Debug|Any CPU
		{CC998CED-EF64-2DEE-F37B-354CA2BF815C}.Release|Any CPU.ActiveCfg = Release|Any CPU
		{CC998CED-EF64-2DEE-F37B-354CA2BF815C}.Release|Any CPU.Build.0 = Release|Any CPU
		{B3B4EF8B-B1CA-F845-0CDB-D97F2BFD5767}.Debug|Any CPU.ActiveCfg = Debug|Any CPU
		{B3B4EF8B-B1CA-F845-0CDB-D97F2BFD5767}.Debug|Any CPU.Build.0 = Debug|Any CPU
		{B3B4EF8B-B1CA-F845-0CDB-D97F2BFD5767}.Release|Any CPU.ActiveCfg = Release|Any CPU
		{B3B4EF8B-B1CA-F845-0CDB-D97F2BFD5767}.Release|Any CPU.Build.0 = Release|Any CPU
		{C99A6F2D-7C60-BDE3-4B58-B1EE6BB1A197}.Debug|Any CPU.ActiveCfg = Debug|Any CPU
		{C99A6F2D-7C60-BDE3-4B58-B1EE6BB1A197}.Debug|Any CPU.Build.0 = Debug|Any CPU
		{C99A6F2D-7C60-BDE3-4B58-B1EE6BB1A197}.Release|Any CPU.ActiveCfg = Release|Any CPU
		{C99A6F2D-7C60-BDE3-4B58-B1EE6BB1A197}.Release|Any CPU.Build.0 = Release|Any CPU
		{C86F6B09-E18C-13D0-4187-DDEF504B26AE}.Debug|Any CPU.ActiveCfg = Debug|Any CPU
		{C86F6B09-E18C-13D0-4187-DDEF504B26AE}.Debug|Any CPU.Build.0 = Debug|Any CPU
		{C86F6B09-E18C-13D0-4187-DDEF504B26AE}.Release|Any CPU.ActiveCfg = Release|Any CPU
		{C86F6B09-E18C-13D0-4187-DDEF504B26AE}.Release|Any CPU.Build.0 = Release|Any CPU
		{B7042D38-AE58-2665-4CFF-FE7BEC436592}.Debug|Any CPU.ActiveCfg = Debug|Any CPU
		{B7042D38-AE58-2665-4CFF-FE7BEC436592}.Debug|Any CPU.Build.0 = Debug|Any CPU
		{B7042D38-AE58-2665-4CFF-FE7BEC436592}.Release|Any CPU.ActiveCfg = Release|Any CPU
		{B7042D38-AE58-2665-4CFF-FE7BEC436592}.Release|Any CPU.Build.0 = Release|Any CPU
		{392F6995-EB10-A57B-7239-BA9A478D6DA4}.Debug|Any CPU.ActiveCfg = Debug|Any CPU
		{392F6995-EB10-A57B-7239-BA9A478D6DA4}.Debug|Any CPU.Build.0 = Debug|Any CPU
		{392F6995-EB10-A57B-7239-BA9A478D6DA4}.Release|Any CPU.ActiveCfg = Release|Any CPU
		{392F6995-EB10-A57B-7239-BA9A478D6DA4}.Release|Any CPU.Build.0 = Release|Any CPU
		{EAFB0BCF-003A-C084-99E1-50BB0168E09D}.Debug|Any CPU.ActiveCfg = Debug|Any CPU
		{EAFB0BCF-003A-C084-99E1-50BB0168E09D}.Debug|Any CPU.Build.0 = Debug|Any CPU
		{EAFB0BCF-003A-C084-99E1-50BB0168E09D}.Release|Any CPU.ActiveCfg = Release|Any CPU
		{EAFB0BCF-003A-C084-99E1-50BB0168E09D}.Release|Any CPU.Build.0 = Release|Any CPU
		{49FBB03E-6924-10C4-144A-2EC70C3532BA}.Debug|Any CPU.ActiveCfg = Debug|Any CPU
		{49FBB03E-6924-10C4-144A-2EC70C3532BA}.Debug|Any CPU.Build.0 = Debug|Any CPU
		{49FBB03E-6924-10C4-144A-2EC70C3532BA}.Release|Any CPU.ActiveCfg = Release|Any CPU
		{49FBB03E-6924-10C4-144A-2EC70C3532BA}.Release|Any CPU.Build.0 = Release|Any CPU
		{F940F8A0-2CB5-7AD2-8B1D-F1F0120A1086}.Debug|Any CPU.ActiveCfg = Debug|Any CPU
		{F940F8A0-2CB5-7AD2-8B1D-F1F0120A1086}.Debug|Any CPU.Build.0 = Debug|Any CPU
		{F940F8A0-2CB5-7AD2-8B1D-F1F0120A1086}.Release|Any CPU.ActiveCfg = Release|Any CPU
		{F940F8A0-2CB5-7AD2-8B1D-F1F0120A1086}.Release|Any CPU.Build.0 = Release|Any CPU
		{D296249A-CD58-C55F-7478-34412427F3A8}.Debug|Any CPU.ActiveCfg = Debug|Any CPU
		{D296249A-CD58-C55F-7478-34412427F3A8}.Debug|Any CPU.Build.0 = Debug|Any CPU
		{D296249A-CD58-C55F-7478-34412427F3A8}.Release|Any CPU.ActiveCfg = Release|Any CPU
		{D296249A-CD58-C55F-7478-34412427F3A8}.Release|Any CPU.Build.0 = Release|Any CPU
		{DB6D9802-ED5F-D946-F95A-BA95CF2995A4}.Debug|Any CPU.ActiveCfg = Debug|Any CPU
		{DB6D9802-ED5F-D946-F95A-BA95CF2995A4}.Debug|Any CPU.Build.0 = Debug|Any CPU
		{DB6D9802-ED5F-D946-F95A-BA95CF2995A4}.Release|Any CPU.ActiveCfg = Release|Any CPU
		{DB6D9802-ED5F-D946-F95A-BA95CF2995A4}.Release|Any CPU.Build.0 = Release|Any CPU
		{39909E42-3525-C75F-FFE4-01EDDF7C83CD}.Debug|Any CPU.ActiveCfg = Debug|Any CPU
		{39909E42-3525-C75F-FFE4-01EDDF7C83CD}.Debug|Any CPU.Build.0 = Debug|Any CPU
		{39909E42-3525-C75F-FFE4-01EDDF7C83CD}.Release|Any CPU.ActiveCfg = Release|Any CPU
		{39909E42-3525-C75F-FFE4-01EDDF7C83CD}.Release|Any CPU.Build.0 = Release|Any CPU
		{26808F29-CF1C-61DA-7529-6308E511D5A0}.Debug|Any CPU.ActiveCfg = Debug|Any CPU
		{26808F29-CF1C-61DA-7529-6308E511D5A0}.Debug|Any CPU.Build.0 = Debug|Any CPU
		{26808F29-CF1C-61DA-7529-6308E511D5A0}.Release|Any CPU.ActiveCfg = Release|Any CPU
		{26808F29-CF1C-61DA-7529-6308E511D5A0}.Release|Any CPU.Build.0 = Release|Any CPU
		{6C3874E1-7583-D111-BAA5-450E7BB2F68F}.Debug|Any CPU.ActiveCfg = Debug|Any CPU
		{6C3874E1-7583-D111-BAA5-450E7BB2F68F}.Debug|Any CPU.Build.0 = Debug|Any CPU
		{6C3874E1-7583-D111-BAA5-450E7BB2F68F}.Release|Any CPU.ActiveCfg = Release|Any CPU
		{6C3874E1-7583-D111-BAA5-450E7BB2F68F}.Release|Any CPU.Build.0 = Release|Any CPU
		{50E48E52-0E65-5CA9-4F56-2D7287D9E375}.Debug|Any CPU.ActiveCfg = Debug|Any CPU
		{50E48E52-0E65-5CA9-4F56-2D7287D9E375}.Debug|Any CPU.Build.0 = Debug|Any CPU
		{50E48E52-0E65-5CA9-4F56-2D7287D9E375}.Release|Any CPU.ActiveCfg = Release|Any CPU
		{50E48E52-0E65-5CA9-4F56-2D7287D9E375}.Release|Any CPU.Build.0 = Release|Any CPU
		{B9D45CAF-0A78-2400-CA40-53623857235C}.Debug|Any CPU.ActiveCfg = Debug|Any CPU
		{B9D45CAF-0A78-2400-CA40-53623857235C}.Debug|Any CPU.Build.0 = Debug|Any CPU
		{B9D45CAF-0A78-2400-CA40-53623857235C}.Release|Any CPU.ActiveCfg = Release|Any CPU
		{B9D45CAF-0A78-2400-CA40-53623857235C}.Release|Any CPU.Build.0 = Release|Any CPU
		{C657684B-5F1C-EB25-4CBA-0CF7A0BDCDEB}.Debug|Any CPU.ActiveCfg = Debug|Any CPU
		{C657684B-5F1C-EB25-4CBA-0CF7A0BDCDEB}.Debug|Any CPU.Build.0 = Debug|Any CPU
		{C657684B-5F1C-EB25-4CBA-0CF7A0BDCDEB}.Release|Any CPU.ActiveCfg = Release|Any CPU
		{C657684B-5F1C-EB25-4CBA-0CF7A0BDCDEB}.Release|Any CPU.Build.0 = Release|Any CPU
	EndGlobalSection
	GlobalSection(SolutionProperties) = preSolution
		HideSolutionNode = FALSE
	EndGlobalSection
EndGlobal
